
Microsoft Visual Studio Solution File, Format Version 12.00
# Visual Studio Version 17
VisualStudioVersion = 17.13.35931.197 d17.13
MinimumVisualStudioVersion = 10.0.40219.1
Project("{FAE04EC0-301F-11D3-BF4B-00C04F79EFBC}") = "WithLLM", "WithLLM.csproj", "{FF7E8454-2B67-432D-A747-09C4CE60516E}"
EndProject
Global
	GlobalSection(SolutionConfigurationPlatforms) = preSolution
		Debug|Any CPU = Debug|Any CPU
		Release|Any CPU = Release|Any CPU
	EndGlobalSection
	GlobalSection(ProjectConfigurationPlatforms) = postSolution
		{FF7E8454-2B67-432D-A747-09C4CE60516E}.Debug|Any CPU.ActiveCfg = Debug|Any CPU
		{FF7E8454-2B67-432D-A747-09C4CE60516E}.Debug|Any CPU.Build.0 = Debug|Any CPU
		{FF7E8454-2B67-432D-A747-09C4CE60516E}.Release|Any CPU.ActiveCfg = Release|Any CPU
		{FF7E8454-2B67-432D-A747-09C4CE60516E}.Release|Any CPU.Build.0 = Release|Any CPU
	EndGlobalSection
	GlobalSection(SolutionProperties) = preSolution
		HideSolutionNode = FALSE
	EndGlobalSection
	GlobalSection(ExtensibilityGlobals) = postSolution
		SolutionGuid = {2036B46E-D165-404D-9CAE-B4637B68C351}
	EndGlobalSection
EndGlobal
