
Microsoft Visual Studio Solution File, Format Version 12.00
# Visual Studio Version 17
VisualStudioVersion = 17.14.36616.10 d17.14
MinimumVisualStudioVersion = 10.0.40219.1
Project("{FAE04EC0-301F-11D3-BF4B-00C04F79EFBC}") = "WF", "WF.csproj", "{19F6393B-C9CD-4D33-A739-F3A4A50EE399}"
EndProject
Global
	GlobalSection(SolutionConfigurationPlatforms) = preSolution
		Debug|Any CPU = Debug|Any CPU
		Release|Any CPU = Release|Any CPU
	EndGlobalSection
	GlobalSection(ProjectConfigurationPlatforms) = postSolution
		{19F6393B-C9CD-4D33-A739-F3A4A50EE399}.Debug|Any CPU.ActiveCfg = Debug|Any CPU
		{19F6393B-C9CD-4D33-A739-F3A4A50EE399}.Debug|Any CPU.Build.0 = Debug|Any CPU
		{19F6393B-C9CD-4D33-A739-F3A4A50EE399}.Release|Any CPU.ActiveCfg = Release|Any CPU
		{19F6393B-C9CD-4D33-A739-F3A4A50EE399}.Release|Any CPU.Build.0 = Release|Any CPU
	EndGlobalSection
	GlobalSection(SolutionProperties) = preSolution
		HideSolutionNode = FALSE
	EndGlobalSection
	GlobalSection(ExtensibilityGlobals) = postSolution
		SolutionGuid = {93A2EF68-CB46-4C78-B66D-63B766820734}
	EndGlobalSection
EndGlobal
