
Microsoft Visual Studio Solution File, Format Version 12.00
# Visual Studio Version 17
VisualStudioVersion = 17.14.36616.10 d17.14
MinimumVisualStudioVersion = 10.0.40219.1
Project("{FAE04EC0-301F-11D3-BF4B-00C04F79EFBC}") = "NigthlyService", "NigthlyService.csproj", "{01858041-0584-4BDB-9041-21401194FDAC}"
EndProject
Global
	GlobalSection(SolutionConfigurationPlatforms) = preSolution
		Debug|Any CPU = Debug|Any CPU
		Release|Any CPU = Release|Any CPU
	EndGlobalSection
	GlobalSection(ProjectConfigurationPlatforms) = postSolution
		{01858041-0584-4BDB-9041-21401194FDAC}.Debug|Any CPU.ActiveCfg = Debug|Any CPU
		{01858041-0584-4BDB-9041-21401194FDAC}.Debug|Any CPU.Build.0 = Debug|Any CPU
		{01858041-0584-4BDB-9041-21401194FDAC}.Release|Any CPU.ActiveCfg = Release|Any CPU
		{01858041-0584-4BDB-9041-21401194FDAC}.Release|Any CPU.Build.0 = Release|Any CPU
	EndGlobalSection
	GlobalSection(SolutionProperties) = preSolution
		HideSolutionNode = FALSE
	EndGlobalSection
	GlobalSection(ExtensibilityGlobals) = postSolution
		SolutionGuid = {42E8FA0F-E99F-48CA-BC55-788516B62E28}
	EndGlobalSection
EndGlobal
